
Microsoft Visual Studio Solution File, Format Version 12.00
# Visual Studio Version 17
VisualStudioVersion = 17.0.32112.339
MinimumVisualStudioVersion = 10.0.40219.1
Project("{9A19103F-16F7-4668-BE54-9A1E7A4F7556}") = "lasertower", "lasertower.csproj", "{2EEF9024-8C79-4977-B4CD-E5278AE95E0D}"
EndProject
Global
	GlobalSection(SolutionConfigurationPlatforms) = preSolution
		Debug|Any CPU = Debug|Any CPU
		Release|Any CPU = Release|Any CPU
	EndGlobalSection
	GlobalSection(ProjectConfigurationPlatforms) = postSolution
		{2EEF9024-8C79-4977-B4CD-E5278AE95E0D}.Debug|Any CPU.ActiveCfg = Debug|Any CPU
		{2EEF9024-8C79-4977-B4CD-E5278AE95E0D}.Debug|Any CPU.Build.0 = Debug|Any CPU
		{2EEF9024-8C79-4977-B4CD-E5278AE95E0D}.Release|Any CPU.ActiveCfg = Release|Any CPU
		{2EEF9024-8C79-4977-B4CD-E5278AE95E0D}.Release|Any CPU.Build.0 = Release|Any CPU
	EndGlobalSection
	GlobalSection(SolutionProperties) = preSolution
		HideSolutionNode = FALSE
	EndGlobalSection
	GlobalSection(ExtensibilityGlobals) = postSolution
		SolutionGuid = {5FC2E0CF-DE70-4CFF-AA9D-D9AF80525514}
	EndGlobalSection
EndGlobal
